
Microsoft Visual Studio Solution File, Format Version 12.00
# Visual Studio Version 17
VisualStudioVersion = 17.5.002.0
MinimumVisualStudioVersion = 10.0.40219.1
Project("{9A19103F-16F7-4668-BE54-9A1E7A4F7556}") = "Api", "Api\Api.csproj", "{CA4BA849-0E68-4186-A810-EB3D53F9A74F}"
EndProject
Global
	GlobalSection(SolutionConfigurationPlatforms) = preSolution
		Debug|Any CPU = Debug|Any CPU
		Release|Any CPU = Release|Any CPU
	EndGlobalSection
	GlobalSection(ProjectConfigurationPlatforms) = postSolution
		{CA4BA849-0E68-4186-A810-EB3D53F9A74F}.Debug|Any CPU.ActiveCfg = Debug|Any CPU
		{CA4BA849-0E68-4186-A810-EB3D53F9A74F}.Debug|Any CPU.Build.0 = Debug|Any CPU
		{CA4BA849-0E68-4186-A810-EB3D53F9A74F}.Release|Any CPU.ActiveCfg = Release|Any CPU
		{CA4BA849-0E68-4186-A810-EB3D53F9A74F}.Release|Any CPU.Build.0 = Release|Any CPU
	EndGlobalSection
	GlobalSection(SolutionProperties) = preSolution
		HideSolutionNode = FALSE
	EndGlobalSection
	GlobalSection(ExtensibilityGlobals) = postSolution
		SolutionGuid = {968938E1-F803-4065-A064-97CBD549AED5}
	EndGlobalSection
EndGlobal
